{
  "requires": true,
  "lockfileVersion": 1,
  "dependencies": {
    "react-top-loading-bar": {
      "version": "2.0.1",
      "resolved": "https://registry.npmjs.org/react-top-loading-bar/-/react-top-loading-bar-2.0.1.tgz",
      "integrity": "sha512-wkRlK9Rte4TU817GDcjlsCoDOxrrnvsNvK609FKyio0EIrmmqjQDz5DB8HbN88CHNZBy5Lh/OBALc03ioWFPuQ=="
    }
  }
}
