{
  "requires": true,
  "lockfileVersion": 1,
  "dependencies": {
    "@splidejs/splide": {
      "version": "3.2.0",
      "resolved": "https://registry.npmjs.org/@splidejs/splide/-/splide-3.2.0.tgz",
      "integrity": "sha512-ZLaC4jYC8bBnhO6/MXkGW1tZkQxsYL2O+08LjUZQZHaUihChjzNgB5n1wS1jEB4lKeiFJHY2ut0Vhv0qbSRlVQ=="
    },
    "animate.css": {
      "version": "4.1.1",
      "resolved": "https://registry.npmjs.org/animate.css/-/animate.css-4.1.1.tgz",
      "integrity": "sha512-+mRmCTv6SbCmtYJCN4faJMNFVNN5EuCTTprDTAo7YzIGji2KADmakjVA3+8mVDkZ2Bf09vayB35lSQIex2+QaQ=="
    },
    "clsx": {
      "version": "1.1.1",
      "resolved": "https://registry.npmjs.org/clsx/-/clsx-1.1.1.tgz",
      "integrity": "sha512-6/bPho624p3S2pMyvP5kKBPXnI3ufHLObBFCfgx+LkeR5lg2XYy2hqZqUf45ypD8COn2bhgGJSUE+l5dhNBieA=="
    },
    "js-cookie": {
      "version": "3.0.1",
      "resolved": "https://registry.npmjs.org/js-cookie/-/js-cookie-3.0.1.tgz",
      "integrity": "sha512-+0rgsUXZu4ncpPxRL+lNEptWMOWl9etvPHc/koSRp6MPwpRYAhmk0dUG00J4bxVV3r9uUzfo24wW0knS07SKSw=="
    },
    "react-simple-star-rating": {
      "version": "3.0.0",
      "resolved": "https://registry.npmjs.org/react-simple-star-rating/-/react-simple-star-rating-3.0.0.tgz",
      "integrity": "sha512-kxl9ucQTr1TzXGT/klBe7EMqCN9uuRoSlZqKCr9HMMriEY8rB/VwABtwELYhSClhkE0LIRpWw12EAG9hq5DOSg=="
    },
    "react-toastify": {
      "version": "8.0.3",
      "resolved": "https://registry.npmjs.org/react-toastify/-/react-toastify-8.0.3.tgz",
      "integrity": "sha512-rv3koC7f9lKKSkdpYgo/TGzgWlrB/aaiUInF1DyV7BpiM4kyTs+uhu6/r8XDMtBY2FOIHK+FlK3Iv7OzpA/tCA==",
      "requires": {
        "clsx": "^1.1.1"
      }
    }
  }
}
